// !$*UTF8*$!
{
	archiveVersion = 1;
	classes = {
	};
	objectVersion = 51;
	objects = {

/* Begin PBXBuildFile section */
		16C7E160676179353CA6D21D /* Pods_FlixTests.framework in Frameworks */ = {isa = PBXBuildFile; fileRef = B665F2C6A61EECA955FF695A /* Pods_FlixTests.framework */; };
		84E95A1822C3F11A00D22F34 /* AppDelegate.m in Sources */ = {isa = PBXBuildFile; fileRef = 84E95A1722C3F11A00D22F34 /* AppDelegate.m */; };
		84E95A1E22C3F11A00D22F34 /* Main.storyboard in Resources */ = {isa = PBXBuildFile; fileRef = 84E95A1C22C3F11A00D22F34 /* Main.storyboard */; };
		84E95A2022C3F11A00D22F34 /* Assets.xcassets in Resources */ = {isa = PBXBuildFile; fileRef = 84E95A1F22C3F11A00D22F34 /* Assets.xcassets */; };
		84E95A2322C3F11A00D22F34 /* LaunchScreen.storyboard in Resources */ = {isa = PBXBuildFile; fileRef = 84E95A2122C3F11A00D22F34 /* LaunchScreen.storyboard */; };
		84E95A2622C3F11A00D22F34 /* main.m in Sources */ = {isa = PBXBuildFile; fileRef = 84E95A2522C3F11A00D22F34 /* main.m */; };
		84E95A3022C3F11A00D22F34 /* FlixTests.m in Sources */ = {isa = PBXBuildFile; fileRef = 84E95A2F22C3F11A00D22F34 /* FlixTests.m */; };
		84E95A3B22C3F11A00D22F34 /* FlixUITests.m in Sources */ = {isa = PBXBuildFile; fileRef = 84E95A3A22C3F11A00D22F34 /* FlixUITests.m */; };
		84E95A4A22C41B7800D22F34 /* MoviesViewController.m in Sources */ = {isa = PBXBuildFile; fileRef = 84E95A4922C41B7800D22F34 /* MoviesViewController.m */; };
		84E95A5322C440F000D22F34 /* MovieCell.m in Sources */ = {isa = PBXBuildFile; fileRef = 84E95A5222C440F000D22F34 /* MovieCell.m */; };
		84E95AAB22C5974700D22F34 /* DetailsViewController.m in Sources */ = {isa = PBXBuildFile; fileRef = 84E95AAA22C5974700D22F34 /* DetailsViewController.m */; };
		84E95AAE22C6CD0C00D22F34 /* MoviesGridViewController.m in Sources */ = {isa = PBXBuildFile; fileRef = 84E95AAD22C6CD0C00D22F34 /* MoviesGridViewController.m */; };
		84E95AB122C6CFAA00D22F34 /* MovieCollectionCell.m in Sources */ = {isa = PBXBuildFile; fileRef = 84E95AB022C6CFAA00D22F34 /* MovieCollectionCell.m */; };
		8D5F0F6E49688BF923DA5E15 /* Pods_Flix.framework in Frameworks */ = {isa = PBXBuildFile; fileRef = 65BB7F3191A31E3C0DA8F53B /* Pods_Flix.framework */; };
		F0E0689E25405CE6635F9548 /* Pods_FlixUITests.framework in Frameworks */ = {isa = PBXBuildFile; fileRef = 9E8126B914408337A3F7EBA4 /* Pods_FlixUITests.framework */; };
/* End PBXBuildFile section */

/* Begin PBXContainerItemProxy section */
		84E95A2C22C3F11A00D22F34 /* PBXContainerItemProxy */ = {
			isa = PBXContainerItemProxy;
			containerPortal = 84E95A0B22C3F11900D22F34 /* Project object */;
			proxyType = 1;
			remoteGlobalIDString = 84E95A1222C3F11A00D22F34;
			remoteInfo = Flix;
		};
		84E95A3722C3F11A00D22F34 /* PBXContainerItemProxy */ = {
			isa = PBXContainerItemProxy;
			containerPortal = 84E95A0B22C3F11900D22F34 /* Project object */;
			proxyType = 1;
			remoteGlobalIDString = 84E95A1222C3F11A00D22F34;
			remoteInfo = Flix;
		};
/* End PBXContainerItemProxy section */

/* Begin PBXFileReference section */
		35E50CDC9E2C0A201F98B7D3 /* Pods-Flix.release.xcconfig */ = {isa = PBXFileReference; includeInIndex = 1; lastKnownFileType = text.xcconfig; name = "Pods-Flix.release.xcconfig"; path = "Target Support Files/Pods-Flix/Pods-Flix.release.xcconfig"; sourceTree = "<group>"; };
		49A492BAF45667987FD767C3 /* Pods-FlixTests.debug.xcconfig */ = {isa = PBXFileReference; includeInIndex = 1; lastKnownFileType = text.xcconfig; name = "Pods-FlixTests.debug.xcconfig"; path = "Target Support Files/Pods-FlixTests/Pods-FlixTests.debug.xcconfig"; sourceTree = "<group>"; };
		4D9C08AD86437090EE5FF2D8 /* Pods-Flix.debug.xcconfig */ = {isa = PBXFileReference; includeInIndex = 1; lastKnownFileType = text.xcconfig; name = "Pods-Flix.debug.xcconfig"; path = "Target Support Files/Pods-Flix/Pods-Flix.debug.xcconfig"; sourceTree = "<group>"; };
		65BB7F3191A31E3C0DA8F53B /* Pods_Flix.framework */ = {isa = PBXFileReference; explicitFileType = wrapper.framework; includeInIndex = 0; path = Pods_Flix.framework; sourceTree = BUILT_PRODUCTS_DIR; };
		7B501713C84B0DF453A77EDF /* Pods-FlixUITests.release.xcconfig */ = {isa = PBXFileReference; includeInIndex = 1; lastKnownFileType = text.xcconfig; name = "Pods-FlixUITests.release.xcconfig"; path = "Target Support Files/Pods-FlixUITests/Pods-FlixUITests.release.xcconfig"; sourceTree = "<group>"; };
		84E95A1322C3F11A00D22F34 /* Flix.app */ = {isa = PBXFileReference; explicitFileType = wrapper.application; includeInIndex = 0; path = Flix.app; sourceTree = BUILT_PRODUCTS_DIR; };
		84E95A1622C3F11A00D22F34 /* AppDelegate.h */ = {isa = PBXFileReference; lastKnownFileType = sourcecode.c.h; path = AppDelegate.h; sourceTree = "<group>"; };
		84E95A1722C3F11A00D22F34 /* AppDelegate.m */ = {isa = PBXFileReference; lastKnownFileType = sourcecode.c.objc; path = AppDelegate.m; sourceTree = "<group>"; };
		84E95A1D22C3F11A00D22F34 /* Base */ = {isa = PBXFileReference; lastKnownFileType = file.storyboard; name = Base; path = Base.lproj/Main.storyboard; sourceTree = "<group>"; };
		84E95A1F22C3F11A00D22F34 /* Assets.xcassets */ = {isa = PBXFileReference; lastKnownFileType = folder.assetcatalog; path = Assets.xcassets; sourceTree = "<group>"; };
		84E95A2222C3F11A00D22F34 /* Base */ = {isa = PBXFileReference; lastKnownFileType = file.storyboard; name = Base; path = Base.lproj/LaunchScreen.storyboard; sourceTree = "<group>"; };
		84E95A2422C3F11A00D22F34 /* Info.plist */ = {isa = PBXFileReference; lastKnownFileType = text.plist.xml; path = Info.plist; sourceTree = "<group>"; };
		84E95A2522C3F11A00D22F34 /* main.m */ = {isa = PBXFileReference; lastKnownFileType = sourcecode.c.objc; path = main.m; sourceTree = "<group>"; };
		84E95A2B22C3F11A00D22F34 /* FlixTests.xctest */ = {isa = PBXFileReference; explicitFileType = wrapper.cfbundle; includeInIndex = 0; path = FlixTests.xctest; sourceTree = BUILT_PRODUCTS_DIR; };
		84E95A2F22C3F11A00D22F34 /* FlixTests.m */ = {isa = PBXFileReference; lastKnownFileType = sourcecode.c.objc; path = FlixTests.m; sourceTree = "<group>"; };
		84E95A3122C3F11A00D22F34 /* Info.plist */ = {isa = PBXFileReference; lastKnownFileType = text.plist.xml; path = Info.plist; sourceTree = "<group>"; };
		84E95A3622C3F11A00D22F34 /* FlixUITests.xctest */ = {isa = PBXFileReference; explicitFileType = wrapper.cfbundle; includeInIndex = 0; path = FlixUITests.xctest; sourceTree = BUILT_PRODUCTS_DIR; };
		84E95A3A22C3F11A00D22F34 /* FlixUITests.m */ = {isa = PBXFileReference; lastKnownFileType = sourcecode.c.objc; path = FlixUITests.m; sourceTree = "<group>"; };
		84E95A3C22C3F11A00D22F34 /* Info.plist */ = {isa = PBXFileReference; lastKnownFileType = text.plist.xml; path = Info.plist; sourceTree = "<group>"; };
		84E95A4822C41B7800D22F34 /* MoviesViewController.h */ = {isa = PBXFileReference; lastKnownFileType = sourcecode.c.h; path = MoviesViewController.h; sourceTree = "<group>"; };
		84E95A4922C41B7800D22F34 /* MoviesViewController.m */ = {isa = PBXFileReference; lastKnownFileType = sourcecode.c.objc; path = MoviesViewController.m; sourceTree = "<group>"; };
		84E95A5122C440F000D22F34 /* MovieCell.h */ = {isa = PBXFileReference; lastKnownFileType = sourcecode.c.h; path = MovieCell.h; sourceTree = "<group>"; };
		84E95A5222C440F000D22F34 /* MovieCell.m */ = {isa = PBXFileReference; lastKnownFileType = sourcecode.c.objc; path = MovieCell.m; sourceTree = "<group>"; };
		84E95AA922C5974700D22F34 /* DetailsViewController.h */ = {isa = PBXFileReference; lastKnownFileType = sourcecode.c.h; path = DetailsViewController.h; sourceTree = "<group>"; };
		84E95AAA22C5974700D22F34 /* DetailsViewController.m */ = {isa = PBXFileReference; lastKnownFileType = sourcecode.c.objc; path = DetailsViewController.m; sourceTree = "<group>"; };
		84E95AAC22C6CD0C00D22F34 /* MoviesGridViewController.h */ = {isa = PBXFileReference; lastKnownFileType = sourcecode.c.h; path = MoviesGridViewController.h; sourceTree = "<group>"; };
		84E95AAD22C6CD0C00D22F34 /* MoviesGridViewController.m */ = {isa = PBXFileReference; lastKnownFileType = sourcecode.c.objc; path = MoviesGridViewController.m; sourceTree = "<group>"; };
		84E95AAF22C6CFAA00D22F34 /* MovieCollectionCell.h */ = {isa = PBXFileReference; lastKnownFileType = sourcecode.c.h; path = MovieCollectionCell.h; sourceTree = "<group>"; };
		84E95AB022C6CFAA00D22F34 /* MovieCollectionCell.m */ = {isa = PBXFileReference; lastKnownFileType = sourcecode.c.objc; path = MovieCollectionCell.m; sourceTree = "<group>"; };
		9E8126B914408337A3F7EBA4 /* Pods_FlixUITests.framework */ = {isa = PBXFileReference; explicitFileType = wrapper.framework; includeInIndex = 0; path = Pods_FlixUITests.framework; sourceTree = BUILT_PRODUCTS_DIR; };
		B665F2C6A61EECA955FF695A /* Pods_FlixTests.framework */ = {isa = PBXFileReference; explicitFileType = wrapper.framework; includeInIndex = 0; path = Pods_FlixTests.framework; sourceTree = BUILT_PRODUCTS_DIR; };
		C142BD52A66FCB4457C7E068 /* Pods-FlixUITests.debug.xcconfig */ = {isa = PBXFileReference; includeInIndex = 1; lastKnownFileType = text.xcconfig; name = "Pods-FlixUITests.debug.xcconfig"; path = "Target Support Files/Pods-FlixUITests/Pods-FlixUITests.debug.xcconfig"; sourceTree = "<group>"; };
		CF66F63F465F931711A5F8C1 /* Pods-FlixTests.release.xcconfig */ = {isa = PBXFileReference; includeInIndex = 1; lastKnownFileType = text.xcconfig; name = "Pods-FlixTests.release.xcconfig"; path = "Target Support Files/Pods-FlixTests/Pods-FlixTests.release.xcconfig"; sourceTree = "<group>"; };
/* End PBXFileReference section */

/* Begin PBXFrameworksBuildPhase section */
		84E95A1022C3F11A00D22F34 /* Frameworks */ = {
			isa = PBXFrameworksBuildPhase;
			buildActionMask = 2147483647;
			files = (
				8D5F0F6E49688BF923DA5E15 /* Pods_Flix.framework in Frameworks */,
			);
			runOnlyForDeploymentPostprocessing = 0;
		};
		84E95A2822C3F11A00D22F34 /* Frameworks */ = {
			isa = PBXFrameworksBuildPhase;
			buildActionMask = 2147483647;
			files = (
				16C7E160676179353CA6D21D /* Pods_FlixTests.framework in Frameworks */,
			);
			runOnlyForDeploymentPostprocessing = 0;
		};
		84E95A3322C3F11A00D22F34 /* Frameworks */ = {
			isa = PBXFrameworksBuildPhase;
			buildActionMask = 2147483647;
			files = (
				F0E0689E25405CE6635F9548 /* Pods_FlixUITests.framework in Frameworks */,
			);
			runOnlyForDeploymentPostprocessing = 0;
		};
/* End PBXFrameworksBuildPhase section */

/* Begin PBXGroup section */
		84E95A0A22C3F11900D22F34 = {
			isa = PBXGroup;
			children = (
				84E95A1522C3F11A00D22F34 /* Flix */,
				84E95A2E22C3F11A00D22F34 /* FlixTests */,
				84E95A3922C3F11A00D22F34 /* FlixUITests */,
				84E95A1422C3F11A00D22F34 /* Products */,
				FBBFAC3712A6EAC0BAA8704A /* Pods */,
				C40CA612F9173359BAA21B88 /* Frameworks */,
			);
			sourceTree = "<group>";
		};
		84E95A1422C3F11A00D22F34 /* Products */ = {
			isa = PBXGroup;
			children = (
				84E95A1322C3F11A00D22F34 /* Flix.app */,
				84E95A2B22C3F11A00D22F34 /* FlixTests.xctest */,
				84E95A3622C3F11A00D22F34 /* FlixUITests.xctest */,
			);
			name = Products;
			sourceTree = "<group>";
		};
		84E95A1522C3F11A00D22F34 /* Flix */ = {
			isa = PBXGroup;
			children = (
				84E95A4D22C41DF000D22F34 /* Models */,
				84E95A4C22C41DEA00D22F34 /* Views */,
				84E95A4B22C41DE000D22F34 /* ViewController */,
				84E95A1622C3F11A00D22F34 /* AppDelegate.h */,
				84E95A1722C3F11A00D22F34 /* AppDelegate.m */,
				84E95A1C22C3F11A00D22F34 /* Main.storyboard */,
				84E95A1F22C3F11A00D22F34 /* Assets.xcassets */,
				84E95A2122C3F11A00D22F34 /* LaunchScreen.storyboard */,
				84E95A2422C3F11A00D22F34 /* Info.plist */,
				84E95A2522C3F11A00D22F34 /* main.m */,
			);
			path = Flix;
			sourceTree = "<group>";
		};
		84E95A2E22C3F11A00D22F34 /* FlixTests */ = {
			isa = PBXGroup;
			children = (
				84E95A2F22C3F11A00D22F34 /* FlixTests.m */,
				84E95A3122C3F11A00D22F34 /* Info.plist */,
			);
			path = FlixTests;
			sourceTree = "<group>";
		};
		84E95A3922C3F11A00D22F34 /* FlixUITests */ = {
			isa = PBXGroup;
			children = (
				84E95A3A22C3F11A00D22F34 /* FlixUITests.m */,
				84E95A3C22C3F11A00D22F34 /* Info.plist */,
			);
			path = FlixUITests;
			sourceTree = "<group>";
		};
		84E95A4B22C41DE000D22F34 /* ViewController */ = {
			isa = PBXGroup;
			children = (
				84E95AA922C5974700D22F34 /* DetailsViewController.h */,
				84E95AAA22C5974700D22F34 /* DetailsViewController.m */,
				84E95A4822C41B7800D22F34 /* MoviesViewController.h */,
				84E95A4922C41B7800D22F34 /* MoviesViewController.m */,
				84E95AAC22C6CD0C00D22F34 /* MoviesGridViewController.h */,
				84E95AAD22C6CD0C00D22F34 /* MoviesGridViewController.m */,
			);
			path = ViewController;
			sourceTree = "<group>";
		};
		84E95A4C22C41DEA00D22F34 /* Views */ = {
			isa = PBXGroup;
			children = (
				84E95A5122C440F000D22F34 /* MovieCell.h */,
				84E95A5222C440F000D22F34 /* MovieCell.m */,
				84E95AAF22C6CFAA00D22F34 /* MovieCollectionCell.h */,
				84E95AB022C6CFAA00D22F34 /* MovieCollectionCell.m */,
			);
			path = Views;
			sourceTree = "<group>";
		};
		84E95A4D22C41DF000D22F34 /* Models */ = {
			isa = PBXGroup;
			children = (
			);
			path = Models;
			sourceTree = "<group>";
		};
		C40CA612F9173359BAA21B88 /* Frameworks */ = {
			isa = PBXGroup;
			children = (
				65BB7F3191A31E3C0DA8F53B /* Pods_Flix.framework */,
				B665F2C6A61EECA955FF695A /* Pods_FlixTests.framework */,
				9E8126B914408337A3F7EBA4 /* Pods_FlixUITests.framework */,
			);
			name = Frameworks;
			sourceTree = "<group>";
		};
		FBBFAC3712A6EAC0BAA8704A /* Pods */ = {
			isa = PBXGroup;
			children = (
				4D9C08AD86437090EE5FF2D8 /* Pods-Flix.debug.xcconfig */,
				35E50CDC9E2C0A201F98B7D3 /* Pods-Flix.release.xcconfig */,
				49A492BAF45667987FD767C3 /* Pods-FlixTests.debug.xcconfig */,
				CF66F63F465F931711A5F8C1 /* Pods-FlixTests.release.xcconfig */,
				C142BD52A66FCB4457C7E068 /* Pods-FlixUITests.debug.xcconfig */,
				7B501713C84B0DF453A77EDF /* Pods-FlixUITests.release.xcconfig */,
			);
			path = Pods;
			sourceTree = "<group>";
		};
/* End PBXGroup section */

/* Begin PBXNativeTarget section */
		84E95A1222C3F11A00D22F34 /* Flix */ = {
			isa = PBXNativeTarget;
			buildConfigurationList = 84E95A3F22C3F11A00D22F34 /* Build configuration list for PBXNativeTarget "Flix" */;
			buildPhases = (
				1F49996CF8F45DBBA1E94117 /* [CP] Check Pods Manifest.lock */,
				84E95A0F22C3F11A00D22F34 /* Sources */,
				84E95A1022C3F11A00D22F34 /* Frameworks */,
				84E95A1122C3F11A00D22F34 /* Resources */,
				E7E4D04DD1425CA287D740FB /* [CP] Embed Pods Frameworks */,
			);
			buildRules = (
			);
			dependencies = (
			);
			name = Flix;
			productName = Flix;
			productReference = 84E95A1322C3F11A00D22F34 /* Flix.app */;
			productType = "com.apple.product-type.application";
		};
		84E95A2A22C3F11A00D22F34 /* FlixTests */ = {
			isa = PBXNativeTarget;
			buildConfigurationList = 84E95A4222C3F11A00D22F34 /* Build configuration list for PBXNativeTarget "FlixTests" */;
			buildPhases = (
				01FDCB48388B765A72E253A4 /* [CP] Check Pods Manifest.lock */,
				84E95A2722C3F11A00D22F34 /* Sources */,
				84E95A2822C3F11A00D22F34 /* Frameworks */,
				84E95A2922C3F11A00D22F34 /* Resources */,
			);
			buildRules = (
			);
			dependencies = (
				84E95A2D22C3F11A00D22F34 /* PBXTargetDependency */,
			);
			name = FlixTests;
			productName = FlixTests;
			productReference = 84E95A2B22C3F11A00D22F34 /* FlixTests.xctest */;
			productType = "com.apple.product-type.bundle.unit-test";
		};
		84E95A3522C3F11A00D22F34 /* FlixUITests */ = {
			isa = PBXNativeTarget;
			buildConfigurationList = 84E95A4522C3F11A00D22F34 /* Build configuration list for PBXNativeTarget "FlixUITests" */;
			buildPhases = (
				18D1022C27286D16F065778E /* [CP] Check Pods Manifest.lock */,
				84E95A3222C3F11A00D22F34 /* Sources */,
				84E95A3322C3F11A00D22F34 /* Frameworks */,
				84E95A3422C3F11A00D22F34 /* Resources */,
			);
			buildRules = (
			);
			dependencies = (
				84E95A3822C3F11A00D22F34 /* PBXTargetDependency */,
			);
			name = FlixUITests;
			productName = FlixUITests;
			productReference = 84E95A3622C3F11A00D22F34 /* FlixUITests.xctest */;
			productType = "com.apple.product-type.bundle.ui-testing";
		};
/* End PBXNativeTarget section */

/* Begin PBXProject section */
		84E95A0B22C3F11900D22F34 /* Project object */ = {
			isa = PBXProject;
			attributes = {
				LastUpgradeCheck = 1020;
				ORGANIZATIONNAME = samason1;
				TargetAttributes = {
					84E95A1222C3F11A00D22F34 = {
						CreatedOnToolsVersion = 10.2.1;
					};
					84E95A2A22C3F11A00D22F34 = {
						CreatedOnToolsVersion = 10.2.1;
						TestTargetID = 84E95A1222C3F11A00D22F34;
					};
					84E95A3522C3F11A00D22F34 = {
						CreatedOnToolsVersion = 10.2.1;
						TestTargetID = 84E95A1222C3F11A00D22F34;
					};
				};
			};
			buildConfigurationList = 84E95A0E22C3F11900D22F34 /* Build configuration list for PBXProject "Flix" */;
			compatibilityVersion = "Xcode 9.3";
			developmentRegion = en;
			hasScannedForEncodings = 0;
			knownRegions = (
				en,
				Base,
			);
			mainGroup = 84E95A0A22C3F11900D22F34;
			productRefGroup = 84E95A1422C3F11A00D22F34 /* Products */;
			projectDirPath = "";
			projectRoot = "";
			targets = (
				84E95A1222C3F11A00D22F34 /* Flix */,
				84E95A2A22C3F11A00D22F34 /* FlixTests */,
				84E95A3522C3F11A00D22F34 /* FlixUITests */,
			);
		};
/* End PBXProject section */

/* Begin PBXResourcesBuildPhase section */
		84E95A1122C3F11A00D22F34 /* Resources */ = {
			isa = PBXResourcesBuildPhase;
			buildActionMask = 2147483647;
			files = (
				84E95A2322C3F11A00D22F34 /* LaunchScreen.storyboard in Resources */,
				84E95A2022C3F11A00D22F34 /* Assets.xcassets in Resources */,
				84E95A1E22C3F11A00D22F34 /* Main.storyboard in Resources */,
			);
			runOnlyForDeploymentPostprocessing = 0;
		};
		84E95A2922C3F11A00D22F34 /* Resources */ = {
			isa = PBXResourcesBuildPhase;
			buildActionMask = 2147483647;
			files = (
			);
			runOnlyForDeploymentPostprocessing = 0;
		};
		84E95A3422C3F11A00D22F34 /* Resources */ = {
			isa = PBXResourcesBuildPhase;
			buildActionMask = 2147483647;
			files = (
			);
			runOnlyForDeploymentPostprocessing = 0;
		};
/* End PBXResourcesBuildPhase section */

/* Begin PBXShellScriptBuildPhase section */
		01FDCB48388B765A72E253A4 /* [CP] Check Pods Manifest.lock */ = {
			isa = PBXShellScriptBuildPhase;
			buildActionMask = 2147483647;
			files = (
			);
			inputFileListPaths = (
			);
			inputPaths = (
				"${PODS_PODFILE_DIR_PATH}/Podfile.lock",
				"${PODS_ROOT}/Manifest.lock",
			);
			name = "[CP] Check Pods Manifest.lock";
			outputFileListPaths = (
			);
			outputPaths = (
				"$(DERIVED_FILE_DIR)/Pods-FlixTests-checkManifestLockResult.txt",
			);
			runOnlyForDeploymentPostprocessing = 0;
			shellPath = /bin/sh;
			shellScript = "diff \"${PODS_PODFILE_DIR_PATH}/Podfile.lock\" \"${PODS_ROOT}/Manifest.lock\" > /dev/null\nif [ $? != 0 ] ; then\n    # print error to STDERR\n    echo \"error: The sandbox is not in sync with the Podfile.lock. Run 'pod install' or update your CocoaPods installation.\" >&2\n    exit 1\nfi\n# This output is used by Xcode 'outputs' to avoid re-running this script phase.\necho \"SUCCESS\" > \"${SCRIPT_OUTPUT_FILE_0}\"\n";
			showEnvVarsInLog = 0;
		};
		18D1022C27286D16F065778E /* [CP] Check Pods Manifest.lock */ = {
			isa = PBXShellScriptBuildPhase;
			buildActionMask = 2147483647;
			files = (
			);
			inputFileListPaths = (
			);
			inputPaths = (
				"${PODS_PODFILE_DIR_PATH}/Podfile.lock",
				"${PODS_ROOT}/Manifest.lock",
			);
			name = "[CP] Check Pods Manifest.lock";
			outputFileListPaths = (
			);
			outputPaths = (
				"$(DERIVED_FILE_DIR)/Pods-FlixUITests-checkManifestLockResult.txt",
			);
			runOnlyForDeploymentPostprocessing = 0;
			shellPath = /bin/sh;
			shellScript = "diff \"${PODS_PODFILE_DIR_PATH}/Podfile.lock\" \"${PODS_ROOT}/Manifest.lock\" > /dev/null\nif [ $? != 0 ] ; then\n    # print error to STDERR\n    echo \"error: The sandbox is not in sync with the Podfile.lock. Run 'pod install' or update your CocoaPods installation.\" >&2\n    exit 1\nfi\n# This output is used by Xcode 'outputs' to avoid re-running this script phase.\necho \"SUCCESS\" > \"${SCRIPT_OUTPUT_FILE_0}\"\n";
			showEnvVarsInLog = 0;
		};
		1F49996CF8F45DBBA1E94117 /* [CP] Check Pods Manifest.lock */ = {
			isa = PBXShellScriptBuildPhase;
			buildActionMask = 2147483647;
			files = (
			);
			inputFileListPaths = (
			);
			inputPaths = (
				"${PODS_PODFILE_DIR_PATH}/Podfile.lock",
				"${PODS_ROOT}/Manifest.lock",
			);
			name = "[CP] Check Pods Manifest.lock";
			outputFileListPaths = (
			);
			outputPaths = (
				"$(DERIVED_FILE_DIR)/Pods-Flix-checkManifestLockResult.txt",
			);
			runOnlyForDeploymentPostprocessing = 0;
			shellPath = /bin/sh;
			shellScript = "diff \"${PODS_PODFILE_DIR_PATH}/Podfile.lock\" \"${PODS_ROOT}/Manifest.lock\" > /dev/null\nif [ $? != 0 ] ; then\n    # print error to STDERR\n    echo \"error: The sandbox is not in sync with the Podfile.lock. Run 'pod install' or update your CocoaPods installation.\" >&2\n    exit 1\nfi\n# This output is used by Xcode 'outputs' to avoid re-running this script phase.\necho \"SUCCESS\" > \"${SCRIPT_OUTPUT_FILE_0}\"\n";
			showEnvVarsInLog = 0;
		};
		E7E4D04DD1425CA287D740FB /* [CP] Embed Pods Frameworks */ = {
			isa = PBXShellScriptBuildPhase;
			buildActionMask = 2147483647;
			files = (
			);
			inputFileListPaths = (
				"${PODS_ROOT}/Target Support Files/Pods-Flix/Pods-Flix-frameworks-${CONFIGURATION}-input-files.xcfilelist",
			);
			name = "[CP] Embed Pods Frameworks";
			outputFileListPaths = (
				"${PODS_ROOT}/Target Support Files/Pods-Flix/Pods-Flix-frameworks-${CONFIGURATION}-output-files.xcfilelist",
			);
			runOnlyForDeploymentPostprocessing = 0;
			shellPath = /bin/sh;
			shellScript = "\"${PODS_ROOT}/Target Support Files/Pods-Flix/Pods-Flix-frameworks.sh\"\n";
			showEnvVarsInLog = 0;
		};
/* End PBXShellScriptBuildPhase section */

/* Begin PBXSourcesBuildPhase section */
		84E95A0F22C3F11A00D22F34 /* Sources */ = {
			isa = PBXSourcesBuildPhase;
			buildActionMask = 2147483647;
			files = (
				84E95A2622C3F11A00D22F34 /* main.m in Sources */,
				84E95AAB22C5974700D22F34 /* DetailsViewController.m in Sources */,
				84E95A1822C3F11A00D22F34 /* AppDelegate.m in Sources */,
				84E95AB122C6CFAA00D22F34 /* MovieCollectionCell.m in Sources */,
				84E95A5322C440F000D22F34 /* MovieCell.m in Sources */,
				84E95A4A22C41B7800D22F34 /* MoviesViewController.m in Sources */,
				84E95AAE22C6CD0C00D22F34 /* MoviesGridViewController.m in Sources */,
			);
			runOnlyForDeploymentPostprocessing = 0;
		};
		84E95A2722C3F11A00D22F34 /* Sources */ = {
			isa = PBXSourcesBuildPhase;
			buildActionMask = 2147483647;
			files = (
				84E95A3022C3F11A00D22F34 /* FlixTests.m in Sources */,
			);
			runOnlyForDeploymentPostprocessing = 0;
		};
		84E95A3222C3F11A00D22F34 /* Sources */ = {
			isa = PBXSourcesBuildPhase;
			buildActionMask = 2147483647;
			files = (
				84E95A3B22C3F11A00D22F34 /* FlixUITests.m in Sources */,
			);
			runOnlyForDeploymentPostprocessing = 0;
		};
/* End PBXSourcesBuildPhase section */

/* Begin PBXTargetDependency section */
		84E95A2D22C3F11A00D22F34 /* PBXTargetDependency */ = {
			isa = PBXTargetDependency;
			target = 84E95A1222C3F11A00D22F34 /* Flix */;
			targetProxy = 84E95A2C22C3F11A00D22F34 /* PBXContainerItemProxy */;
		};
		84E95A3822C3F11A00D22F34 /* PBXTargetDependency */ = {
			isa = PBXTargetDependency;
			target = 84E95A1222C3F11A00D22F34 /* Flix */;
			targetProxy = 84E95A3722C3F11A00D22F34 /* PBXContainerItemProxy */;
		};
/* End PBXTargetDependency section */

/* Begin PBXVariantGroup section */
		84E95A1C22C3F11A00D22F34 /* Main.storyboard */ = {
			isa = PBXVariantGroup;
			children = (
				84E95A1D22C3F11A00D22F34 /* Base */,
			);
			name = Main.storyboard;
			sourceTree = "<group>";
		};
		84E95A2122C3F11A00D22F34 /* LaunchScreen.storyboard */ = {
			isa = PBXVariantGroup;
			children = (
				84E95A2222C3F11A00D22F34 /* Base */,
			);
			name = LaunchScreen.storyboard;
			sourceTree = "<group>";
		};
/* End PBXVariantGroup section */

/* Begin XCBuildConfiguration section */
		84E95A3D22C3F11A00D22F34 /* Debug */ = {
			isa = XCBuildConfiguration;
			buildSettings = {
				ALWAYS_SEARCH_USER_PATHS = NO;
				CLANG_ANALYZER_NONNULL = YES;
				CLANG_ANALYZER_NUMBER_OBJECT_CONVERSION = YES_AGGRESSIVE;
				CLANG_CXX_LANGUAGE_STANDARD = "gnu++14";
				CLANG_CXX_LIBRARY = "libc++";
				CLANG_ENABLE_MODULES = YES;
				CLANG_ENABLE_OBJC_ARC = YES;
				CLANG_ENABLE_OBJC_WEAK = YES;
				CLANG_WARN_BLOCK_CAPTURE_AUTORELEASING = YES;
				CLANG_WARN_BOOL_CONVERSION = YES;
				CLANG_WARN_COMMA = YES;
				CLANG_WARN_CONSTANT_CONVERSION = YES;
				CLANG_WARN_DEPRECATED_OBJC_IMPLEMENTATIONS = YES;
				CLANG_WARN_DIRECT_OBJC_ISA_USAGE = YES_ERROR;
				CLANG_WARN_DOCUMENTATION_COMMENTS = YES;
				CLANG_WARN_EMPTY_BODY = YES;
				CLANG_WARN_ENUM_CONVERSION = YES;
				CLANG_WARN_INFINITE_RECURSION = YES;
				CLANG_WARN_INT_CONVERSION = YES;
				CLANG_WARN_NON_LITERAL_NULL_CONVERSION = YES;
				CLANG_WARN_OBJC_IMPLICIT_RETAIN_SELF = YES;
				CLANG_WARN_OBJC_LITERAL_CONVERSION = YES;
				CLANG_WARN_OBJC_ROOT_CLASS = YES_ERROR;
				CLANG_WARN_RANGE_LOOP_ANALYSIS = YES;
				CLANG_WARN_STRICT_PROTOTYPES = YES;
				CLANG_WARN_SUSPICIOUS_MOVE = YES;
				CLANG_WARN_UNGUARDED_AVAILABILITY = YES_AGGRESSIVE;
				CLANG_WARN_UNREACHABLE_CODE = YES;
				CLANG_WARN__DUPLICATE_METHOD_MATCH = YES;
				CODE_SIGN_IDENTITY = "iPhone Developer";
				COPY_PHASE_STRIP = NO;
				DEBUG_INFORMATION_FORMAT = dwarf;
				ENABLE_STRICT_OBJC_MSGSEND = YES;
				ENABLE_TESTABILITY = YES;
				GCC_C_LANGUAGE_STANDARD = gnu11;
				GCC_DYNAMIC_NO_PIC = NO;
				GCC_NO_COMMON_BLOCKS = YES;
				GCC_OPTIMIZATION_LEVEL = 0;
				GCC_PREPROCESSOR_DEFINITIONS = (
					"DEBUG=1",
					"$(inherited)",
				);
				GCC_WARN_64_TO_32_BIT_CONVERSION = YES;
				GCC_WARN_ABOUT_RETURN_TYPE = YES_ERROR;
				GCC_WARN_UNDECLARED_SELECTOR = YES;
				GCC_WARN_UNINITIALIZED_AUTOS = YES_AGGRESSIVE;
				GCC_WARN_UNUSED_FUNCTION = YES;
				GCC_WARN_UNUSED_VARIABLE = YES;
				IPHONEOS_DEPLOYMENT_TARGET = 12.2;
				MTL_ENABLE_DEBUG_INFO = INCLUDE_SOURCE;
				MTL_FAST_MATH = YES;
				ONLY_ACTIVE_ARCH = YES;
				SDKROOT = iphoneos;
			};
			name = Debug;
		};
		84E95A3E22C3F11A00D22F34 /* Release */ = {
			isa = XCBuildConfiguration;
			buildSettings = {
				ALWAYS_SEARCH_USER_PATHS = NO;
				CLANG_ANALYZER_NONNULL = YES;
				CLANG_ANALYZER_NUMBER_OBJECT_CONVERSION = YES_AGGRESSIVE;
				CLANG_CXX_LANGUAGE_STANDARD = "gnu++14";
				CLANG_CXX_LIBRARY = "libc++";
				CLANG_ENABLE_MODULES = YES;
				CLANG_ENABLE_OBJC_ARC = YES;
				CLANG_ENABLE_OBJC_WEAK = YES;
				CLANG_WARN_BLOCK_CAPTURE_AUTORELEASING = YES;
				CLANG_WARN_BOOL_CONVERSION = YES;
				CLANG_WARN_COMMA = YES;
				CLANG_WARN_CONSTANT_CONVERSION = YES;
				CLANG_WARN_DEPRECATED_OBJC_IMPLEMENTATIONS = YES;
				CLANG_WARN_DIRECT_OBJC_ISA_USAGE = YES_ERROR;
				CLANG_WARN_DOCUMENTATION_COMMENTS = YES;
				CLANG_WARN_EMPTY_BODY = YES;
				CLANG_WARN_ENUM_CONVERSION = YES;
				CLANG_WARN_INFINITE_RECURSION = YES;
				CLANG_WARN_INT_CONVERSION = YES;
				CLANG_WARN_NON_LITERAL_NULL_CONVERSION = YES;
				CLANG_WARN_OBJC_IMPLICIT_RETAIN_SELF = YES;
				CLANG_WARN_OBJC_LITERAL_CONVERSION = YES;
				CLANG_WARN_OBJC_ROOT_CLASS = YES_ERROR;
				CLANG_WARN_RANGE_LOOP_ANALYSIS = YES;
				CLANG_WARN_STRICT_PROTOTYPES = YES;
				CLANG_WARN_SUSPICIOUS_MOVE = YES;
				CLANG_WARN_UNGUARDED_AVAILABILITY = YES_AGGRESSIVE;
				CLANG_WARN_UNREACHABLE_CODE = YES;
				CLANG_WARN__DUPLICATE_METHOD_MATCH = YES;
				CODE_SIGN_IDENTITY = "iPhone Developer";
				COPY_PHASE_STRIP = NO;
				DEBUG_INFORMATION_FORMAT = "dwarf-with-dsym";
				ENABLE_NS_ASSERTIONS = NO;
				ENABLE_STRICT_OBJC_MSGSEND = YES;
				GCC_C_LANGUAGE_STANDARD = gnu11;
				GCC_NO_COMMON_BLOCKS = YES;
				GCC_WARN_64_TO_32_BIT_CONVERSION = YES;
				GCC_WARN_ABOUT_RETURN_TYPE = YES_ERROR;
				GCC_WARN_UNDECLARED_SELECTOR = YES;
				GCC_WARN_UNINITIALIZED_AUTOS = YES_AGGRESSIVE;
				GCC_WARN_UNUSED_FUNCTION = YES;
				GCC_WARN_UNUSED_VARIABLE = YES;
				IPHONEOS_DEPLOYMENT_TARGET = 12.2;
				MTL_ENABLE_DEBUG_INFO = NO;
				MTL_FAST_MATH = YES;
				SDKROOT = iphoneos;
				VALIDATE_PRODUCT = YES;
			};
			name = Release;
		};
		84E95A4022C3F11A00D22F34 /* Debug */ = {
			isa = XCBuildConfiguration;
			baseConfigurationReference = 4D9C08AD86437090EE5FF2D8 /* Pods-Flix.debug.xcconfig */;
			buildSettings = {
				ASSETCATALOG_COMPILER_APPICON_NAME = AppIcon;
				CODE_SIGN_STYLE = Automatic;
				INFOPLIST_FILE = Flix/Info.plist;
				LD_RUNPATH_SEARCH_PATHS = (
					"$(inherited)",
					"@executable_path/Frameworks",
				);
				PRODUCT_BUNDLE_IDENTIFIER = com.samason1.Flix;
				PRODUCT_NAME = "$(TARGET_NAME)";
				TARGETED_DEVICE_FAMILY = "1,2";
			};
			name = Debug;
		};
		84E95A4122C3F11A00D22F34 /* Release */ = {
			isa = XCBuildConfiguration;
			baseConfigurationReference = 35E50CDC9E2C0A201F98B7D3 /* Pods-Flix.release.xcconfig */;
			buildSettings = {
				ASSETCATALOG_COMPILER_APPICON_NAME = AppIcon;
				CODE_SIGN_STYLE = Automatic;
				INFOPLIST_FILE = Flix/Info.plist;
				LD_RUNPATH_SEARCH_PATHS = (
					"$(inherited)",
					"@executable_path/Frameworks",
				);
				PRODUCT_BUNDLE_IDENTIFIER = com.samason1.Flix;
				PRODUCT_NAME = "$(TARGET_NAME)";
				TARGETED_DEVICE_FAMILY = "1,2";
			};
			name = Release;
		};
		84E95A4322C3F11A00D22F34 /* Debug */ = {
			isa = XCBuildConfiguration;
			baseConfigurationReference = 49A492BAF45667987FD767C3 /* Pods-FlixTests.debug.xcconfig */;
			buildSettings = {
				BUNDLE_LOADER = "$(TEST_HOST)";
				CODE_SIGN_STYLE = Automatic;
				INFOPLIST_FILE = FlixTests/Info.plist;
				LD_RUNPATH_SEARCH_PATHS = (
					"$(inherited)",
					"@executable_path/Frameworks",
					"@loader_path/Frameworks",
				);
				PRODUCT_BUNDLE_IDENTIFIER = com.samason1.FlixTests;
				PRODUCT_NAME = "$(TARGET_NAME)";
				TARGETED_DEVICE_FAMILY = "1,2";
				TEST_HOST = "$(BUILT_PRODUCTS_DIR)/Flix.app/Flix";
			};
			name = Debug;
		};
		84E95A4422C3F11A00D22F34 /* Release */ = {
			isa = XCBuildConfiguration;
			baseConfigurationReference = CF66F63F465F931711A5F8C1 /* Pods-FlixTests.release.xcconfig */;
			buildSettings = {
				BUNDLE_LOADER = "$(TEST_HOST)";
				CODE_SIGN_STYLE = Automatic;
				INFOPLIST_FILE = FlixTests/Info.plist;
				LD_RUNPATH_SEARCH_PATHS = (
					"$(inherited)",
					"@executable_path/Frameworks",
					"@loader_path/Frameworks",
				);
				PRODUCT_BUNDLE_IDENTIFIER = com.samason1.FlixTests;
				PRODUCT_NAME = "$(TARGET_NAME)";
				TARGETED_DEVICE_FAMILY = "1,2";
				TEST_HOST = "$(BUILT_PRODUCTS_DIR)/Flix.app/Flix";
			};
			name = Release;
		};
		84E95A4622C3F11A00D22F34 /* Debug */ = {
			isa = XCBuildConfiguration;
			baseConfigurationReference = C142BD52A66FCB4457C7E068 /* Pods-FlixUITests.debug.xcconfig */;
			buildSettings = {
				CODE_SIGN_STYLE = Automatic;
				INFOPLIST_FILE = FlixUITests/Info.plist;
				LD_RUNPATH_SEARCH_PATHS = (
					"$(inherited)",
					"@executable_path/Frameworks",
					"@loader_path/Frameworks",
				);
				PRODUCT_BUNDLE_IDENTIFIER = com.samason1.FlixUITests;
				PRODUCT_NAME = "$(TARGET_NAME)";
				TARGETED_DEVICE_FAMILY = "1,2";
				TEST_TARGET_NAME = Flix;
			};
			name = Debug;
		};
		84E95A4722C3F11A00D22F34 /* Release */ = {
			isa = XCBuildConfiguration;
			baseConfigurationReference = 7B501713C84B0DF453A77EDF /* Pods-FlixUITests.release.xcconfig */;
			buildSettings = {
				CODE_SIGN_STYLE = Automatic;
				INFOPLIST_FILE = FlixUITests/Info.plist;
				LD_RUNPATH_SEARCH_PATHS = (
					"$(inherited)",
					"@executable_path/Frameworks",
					"@loader_path/Frameworks",
				);
				PRODUCT_BUNDLE_IDENTIFIER = com.samason1.FlixUITests;
				PRODUCT_NAME = "$(TARGET_NAME)";
				TARGETED_DEVICE_FAMILY = "1,2";
				TEST_TARGET_NAME = Flix;
			};
			name = Release;
		};
/* End XCBuildConfiguration section */

/* Begin XCConfigurationList section */
		84E95A0E22C3F11900D22F34 /* Build configuration list for PBXProject "Flix" */ = {
			isa = XCConfigurationList;
			buildConfigurations = (
				84E95A3D22C3F11A00D22F34 /* Debug */,
				84E95A3E22C3F11A00D22F34 /* Release */,
			);
			defaultConfigurationIsVisible = 0;
			defaultConfigurationName = Release;
		};
		84E95A3F22C3F11A00D22F34 /* Build configuration list for PBXNativeTarget "Flix" */ = {
			isa = XCConfigurationList;
			buildConfigurations = (
				84E95A4022C3F11A00D22F34 /* Debug */,
				84E95A4122C3F11A00D22F34 /* Release */,
			);
			defaultConfigurationIsVisible = 0;
			defaultConfigurationName = Release;
		};
		84E95A4222C3F11A00D22F34 /* Build configuration list for PBXNativeTarget "FlixTests" */ = {
			isa = XCConfigurationList;
			buildConfigurations = (
				84E95A4322C3F11A00D22F34 /* Debug */,
				84E95A4422C3F11A00D22F34 /* Release */,
			);
			defaultConfigurationIsVisible = 0;
			defaultConfigurationName = Release;
		};
		84E95A4522C3F11A00D22F34 /* Build configuration list for PBXNativeTarget "FlixUITests" */ = {
			isa = XCConfigurationList;
			buildConfigurations = (
				84E95A4622C3F11A00D22F34 /* Debug */,
				84E95A4722C3F11A00D22F34 /* Release */,
			);
			defaultConfigurationIsVisible = 0;
			defaultConfigurationName = Release;
		};
/* End XCConfigurationList section */
	};
	rootObject = 84E95A0B22C3F11900D22F34 /* Project object */;
}
